
Microsoft Visual Studio Solution File, Format Version 12.00
# Visual Studio Version 17
VisualStudioVersion = 17.1.32210.238
MinimumVisualStudioVersion = 10.0.40219.1
Project("{FAE04EC0-301F-11D3-BF4B-00C04F79EFBC}") = "TiposAnonimos", "TiposAnonimos\TiposAnonimos.csproj", "{BCFC7D32-2C62-41FF-9AA0-A33CFD9D0443}"
EndProject
Global
	GlobalSection(SolutionConfigurationPlatforms) = preSolution
		Debug|Any CPU = Debug|Any CPU
		Release|Any CPU = Release|Any CPU
	EndGlobalSection
	GlobalSection(ProjectConfigurationPlatforms) = postSolution
		{BCFC7D32-2C62-41FF-9AA0-A33CFD9D0443}.Debug|Any CPU.ActiveCfg = Debug|Any CPU
		{BCFC7D32-2C62-41FF-9AA0-A33CFD9D0443}.Debug|Any CPU.Build.0 = Debug|Any CPU
		{BCFC7D32-2C62-41FF-9AA0-A33CFD9D0443}.Release|Any CPU.ActiveCfg = Release|Any CPU
		{BCFC7D32-2C62-41FF-9AA0-A33CFD9D0443}.Release|Any CPU.Build.0 = Release|Any CPU
	EndGlobalSection
	GlobalSection(SolutionProperties) = preSolution
		HideSolutionNode = FALSE
	EndGlobalSection
	GlobalSection(ExtensibilityGlobals) = postSolution
		SolutionGuid = {A3F65117-2824-4874-8331-A880976419A6}
	EndGlobalSection
EndGlobal
