
Microsoft Visual Studio Solution File, Format Version 12.00
# Visual Studio Version 17
VisualStudioVersion = 17.1.32210.238
MinimumVisualStudioVersion = 10.0.40219.1
Project("{FAE04EC0-301F-11D3-BF4B-00C04F79EFBC}") = "EntityFrameworkSystem", "EntityFrameworkSystem\EntityFrameworkSystem.csproj", "{D38BE16F-BAAA-4990-A41D-21C5DEC87302}"
EndProject
Global
	GlobalSection(SolutionConfigurationPlatforms) = preSolution
		Debug|Any CPU = Debug|Any CPU
		Release|Any CPU = Release|Any CPU
	EndGlobalSection
	GlobalSection(ProjectConfigurationPlatforms) = postSolution
		{D38BE16F-BAAA-4990-A41D-21C5DEC87302}.Debug|Any CPU.ActiveCfg = Debug|Any CPU
		{D38BE16F-BAAA-4990-A41D-21C5DEC87302}.Debug|Any CPU.Build.0 = Debug|Any CPU
		{D38BE16F-BAAA-4990-A41D-21C5DEC87302}.Release|Any CPU.ActiveCfg = Release|Any CPU
		{D38BE16F-BAAA-4990-A41D-21C5DEC87302}.Release|Any CPU.Build.0 = Release|Any CPU
	EndGlobalSection
	GlobalSection(SolutionProperties) = preSolution
		HideSolutionNode = FALSE
	EndGlobalSection
	GlobalSection(ExtensibilityGlobals) = postSolution
		SolutionGuid = {D8025229-79A2-4011-8AC0-2F1018BC60C8}
	EndGlobalSection
EndGlobal
