
Microsoft Visual Studio Solution File, Format Version 12.00
# Visual Studio Version 17
VisualStudioVersion = 17.1.32210.238
MinimumVisualStudioVersion = 10.0.40219.1
Project("{FAE04EC0-301F-11D3-BF4B-00C04F79EFBC}") = "LINQ_join", "LINQ_join\LINQ_join.csproj", "{87502C5B-AA12-415C-8EC6-9537C0ADA00B}"
EndProject
Global
	GlobalSection(SolutionConfigurationPlatforms) = preSolution
		Debug|Any CPU = Debug|Any CPU
		Release|Any CPU = Release|Any CPU
	EndGlobalSection
	GlobalSection(ProjectConfigurationPlatforms) = postSolution
		{87502C5B-AA12-415C-8EC6-9537C0ADA00B}.Debug|Any CPU.ActiveCfg = Debug|Any CPU
		{87502C5B-AA12-415C-8EC6-9537C0ADA00B}.Debug|Any CPU.Build.0 = Debug|Any CPU
		{87502C5B-AA12-415C-8EC6-9537C0ADA00B}.Release|Any CPU.ActiveCfg = Release|Any CPU
		{87502C5B-AA12-415C-8EC6-9537C0ADA00B}.Release|Any CPU.Build.0 = Release|Any CPU
	EndGlobalSection
	GlobalSection(SolutionProperties) = preSolution
		HideSolutionNode = FALSE
	EndGlobalSection
	GlobalSection(ExtensibilityGlobals) = postSolution
		SolutionGuid = {E7C9C5F3-CCDA-4EDA-A68F-CF6B2DBA9BA8}
	EndGlobalSection
EndGlobal
